// !$*UTF8*$!
{
	archiveVersion = 1;
	classes = {
	};
	objectVersion = 46;
	objects = {

/* Begin PBXBuildFile section */
		2BCDC28BBCDD09EAE7F5B486 /* libPods-Curios.a in Frameworks */ = {isa = PBXBuildFile; fileRef = 62FCD396CE8829FEEFDB45EB /* libPods-Curios.a */; };
		2C003C471ABFB25A00F27618 /* CUTemplateViewController.m in Sources */ = {isa = PBXBuildFile; fileRef = 2C003C461ABFB25A00F27618 /* CUTemplateViewController.m */; };
		2C003C4A1ABFB3F400F27618 /* CUSubTemplateViewController.m in Sources */ = {isa = PBXBuildFile; fileRef = 2C003C491ABFB3F400F27618 /* CUSubTemplateViewController.m */; };
		2C023F491ACD2FBB00179106 /* CUEditContainerLayer.m in Sources */ = {isa = PBXBuildFile; fileRef = 2C023F481ACD2FBB00179106 /* CUEditContainerLayer.m */; };
		2C215F0F1A8B479D0013FB88 /* CUBaseModel.m in Sources */ = {isa = PBXBuildFile; fileRef = 2C215F0E1A8B479D0013FB88 /* CUBaseModel.m */; };
		2C215F121A8B480A0013FB88 /* CUPageModel.m in Sources */ = {isa = PBXBuildFile; fileRef = 2C215F111A8B480A0013FB88 /* CUPageModel.m */; };
		2C215F151A8B48280013FB88 /* CUConModel.m in Sources */ = {isa = PBXBuildFile; fileRef = 2C215F141A8B48280013FB88 /* CUConModel.m */; };
		2C215F181A8B483B0013FB88 /* CUComponentModel.m in Sources */ = {isa = PBXBuildFile; fileRef = 2C215F171A8B483B0013FB88 /* CUComponentModel.m */; };
		2C217EAE1A9D603D00A6EB87 /* CUPageView.m in Sources */ = {isa = PBXBuildFile; fileRef = 2C217EAD1A9D603D00A6EB87 /* CUPageView.m */; };
		2C217EB11A9D605500A6EB87 /* CUConView.m in Sources */ = {isa = PBXBuildFile; fileRef = 2C217EB01A9D605500A6EB87 /* CUConView.m */; };
		2C3CCD7F1AD370D5007C29EF /* ASEditableTextNode.mm in Sources */ = {isa = PBXBuildFile; fileRef = 2C3CCD7E1AD370D5007C29EF /* ASEditableTextNode.mm */; };
		2C80AA471ACA198900E627ED /* CULayoutSpec.m in Sources */ = {isa = PBXBuildFile; fileRef = 2C80AA461ACA198900E627ED /* CULayoutSpec.m */; };
		2C8A816C1A918ED100AEE5FF /* CUConViewModel.m in Sources */ = {isa = PBXBuildFile; fileRef = 2C8A816B1A918ED100AEE5FF /* CUConViewModel.m */; };
		2C8A816F1A918EEB00AEE5FF /* CUPageViewModel.m in Sources */ = {isa = PBXBuildFile; fileRef = 2C8A816E1A918EEB00AEE5FF /* CUPageViewModel.m */; };
		2C8A81731A91924100AEE5FF /* json in Resources */ = {isa = PBXBuildFile; fileRef = 2C8A81721A91924100AEE5FF /* json */; };
		2C8A81751A91EBD100AEE5FF /* conponentJson in Resources */ = {isa = PBXBuildFile; fileRef = 2C8A81741A91EBD100AEE5FF /* conponentJson */; };
		2C8A81771A91F72500AEE5FF /* pageJson in Resources */ = {isa = PBXBuildFile; fileRef = 2C8A81761A91F72500AEE5FF /* pageJson */; };
		2C926B2B1AC29C3900B5D061 /* CUTemplateNaviController.m in Sources */ = {isa = PBXBuildFile; fileRef = 2C926B2A1AC29C3900B5D061 /* CUTemplateNaviController.m */; };
		2C926B2F1AC29D2E00B5D061 /* TransitionPushAnimator.m in Sources */ = {isa = PBXBuildFile; fileRef = 2C926B2E1AC29D2E00B5D061 /* TransitionPushAnimator.m */; };
		2C926B321AC29D4300B5D061 /* TransitionPopAnimator.m in Sources */ = {isa = PBXBuildFile; fileRef = 2C926B311AC29D4300B5D061 /* TransitionPopAnimator.m */; };
		2C93CE3E1AB96C8B00AB3824 /* CUTransitionLayout.m in Sources */ = {isa = PBXBuildFile; fileRef = 2C93CE3D1AB96C8B00AB3824 /* CUTransitionLayout.m */; };
		2CD7E9251ABC0AEF00C7FC51 /* CUTemplateLayout.m in Sources */ = {isa = PBXBuildFile; fileRef = 2CD7E9241ABC0AEF00C7FC51 /* CUTemplateLayout.m */; };
		2CD9C61A1A89EC8800BCD69B /* main.m in Sources */ = {isa = PBXBuildFile; fileRef = 2CD9C6191A89EC8800BCD69B /* main.m */; };
		2CD9C61D1A89EC8800BCD69B /* AppDelegate.m in Sources */ = {isa = PBXBuildFile; fileRef = 2CD9C61C1A89EC8800BCD69B /* AppDelegate.m */; };
		2CD9C6201A89EC8800BCD69B /* ViewController.m in Sources */ = {isa = PBXBuildFile; fileRef = 2CD9C61F1A89EC8800BCD69B /* ViewController.m */; };
		2CD9C6231A89EC8800BCD69B /* Main.storyboard in Resources */ = {isa = PBXBuildFile; fileRef = 2CD9C6211A89EC8800BCD69B /* Main.storyboard */; };
		2CD9C6251A89EC8800BCD69B /* Images.xcassets in Resources */ = {isa = PBXBuildFile; fileRef = 2CD9C6241A89EC8800BCD69B /* Images.xcassets */; };
		2CD9C6281A89EC8800BCD69B /* LaunchScreen.xib in Resources */ = {isa = PBXBuildFile; fileRef = 2CD9C6261A89EC8800BCD69B /* LaunchScreen.xib */; };
		2CD9C6341A89EC8800BCD69B /* CuriosTests.m in Sources */ = {isa = PBXBuildFile; fileRef = 2CD9C6331A89EC8800BCD69B /* CuriosTests.m */; };
		2CEFF7951AC4E4B100EA0C95 /* CUEditCell.m in Sources */ = {isa = PBXBuildFile; fileRef = 2CEFF7941AC4E4B100EA0C95 /* CUEditCell.m */; };
		2CFA56BD1AB684C00068313C /* EditViewController.m in Sources */ = {isa = PBXBuildFile; fileRef = 2CFA56BC1AB684C00068313C /* EditViewController.m */; };
		2CFA56C11AB68A450068313C /* CUNormalLayout.m in Sources */ = {isa = PBXBuildFile; fileRef = 2CFA56C01AB68A450068313C /* CUNormalLayout.m */; };
		2CFA56C81AB68EAD0068313C /* CUPageNode.m in Sources */ = {isa = PBXBuildFile; fileRef = 2CFA56C71AB68EAD0068313C /* CUPageNode.m */; };
		2CFA56CC1AB692B60068313C /* bigMax.jpeg in Resources */ = {isa = PBXBuildFile; fileRef = 2CFA56CB1AB692B60068313C /* bigMax.jpeg */; };
		2CFA56CF1AB6CFEB0068313C /* CUSmallLayout.m in Sources */ = {isa = PBXBuildFile; fileRef = 2CFA56CE1AB6CFEB0068313C /* CUSmallLayout.m */; };
/* End PBXBuildFile section */

/* Begin PBXContainerItemProxy section */
		2CD9C62E1A89EC8800BCD69B /* PBXContainerItemProxy */ = {
			isa = PBXContainerItemProxy;
			containerPortal = 2CD9C60C1A89EC8800BCD69B /* Project object */;
			proxyType = 1;
			remoteGlobalIDString = 2CD9C6131A89EC8800BCD69B;
			remoteInfo = Curios;
		};
/* End PBXContainerItemProxy section */

/* Begin PBXFileReference section */
		1C52CE6BF18A69810E351D07 /* Pods-Curios.debug.xcconfig */ = {isa = PBXFileReference; includeInIndex = 1; lastKnownFileType = text.xcconfig; name = "Pods-Curios.debug.xcconfig"; path = "Pods/Target Support Files/Pods-Curios/Pods-Curios.debug.xcconfig"; sourceTree = "<group>"; };
		2C003C451ABFB25A00F27618 /* CUTemplateViewController.h */ = {isa = PBXFileReference; fileEncoding = 4; lastKnownFileType = sourcecode.c.h; path = CUTemplateViewController.h; sourceTree = "<group>"; };
		2C003C461ABFB25A00F27618 /* CUTemplateViewController.m */ = {isa = PBXFileReference; fileEncoding = 4; lastKnownFileType = sourcecode.c.objc; path = CUTemplateViewController.m; sourceTree = "<group>"; };
		2C003C481ABFB3F400F27618 /* CUSubTemplateViewController.h */ = {isa = PBXFileReference; fileEncoding = 4; lastKnownFileType = sourcecode.c.h; path = CUSubTemplateViewController.h; sourceTree = "<group>"; };
		2C003C491ABFB3F400F27618 /* CUSubTemplateViewController.m */ = {isa = PBXFileReference; fileEncoding = 4; lastKnownFileType = sourcecode.c.objc; path = CUSubTemplateViewController.m; sourceTree = "<group>"; };
		2C023F471ACD2FBB00179106 /* CUEditContainerLayer.h */ = {isa = PBXFileReference; fileEncoding = 4; lastKnownFileType = sourcecode.c.h; path = CUEditContainerLayer.h; sourceTree = "<group>"; };
		2C023F481ACD2FBB00179106 /* CUEditContainerLayer.m */ = {isa = PBXFileReference; fileEncoding = 4; lastKnownFileType = sourcecode.c.objc; path = CUEditContainerLayer.m; sourceTree = "<group>"; };
		2C215F0D1A8B479D0013FB88 /* CUBaseModel.h */ = {isa = PBXFileReference; fileEncoding = 4; lastKnownFileType = sourcecode.c.h; path = CUBaseModel.h; sourceTree = "<group>"; };
		2C215F0E1A8B479D0013FB88 /* CUBaseModel.m */ = {isa = PBXFileReference; fileEncoding = 4; lastKnownFileType = sourcecode.c.objc; path = CUBaseModel.m; sourceTree = "<group>"; };
		2C215F101A8B480A0013FB88 /* CUPageModel.h */ = {isa = PBXFileReference; fileEncoding = 4; lastKnownFileType = sourcecode.c.h; path = CUPageModel.h; sourceTree = "<group>"; };
		2C215F111A8B480A0013FB88 /* CUPageModel.m */ = {isa = PBXFileReference; fileEncoding = 4; lastKnownFileType = sourcecode.c.objc; path = CUPageModel.m; sourceTree = "<group>"; };
		2C215F131A8B48280013FB88 /* CUConModel.h */ = {isa = PBXFileReference; fileEncoding = 4; lastKnownFileType = sourcecode.c.h; path = CUConModel.h; sourceTree = "<group>"; };
		2C215F141A8B48280013FB88 /* CUConModel.m */ = {isa = PBXFileReference; fileEncoding = 4; lastKnownFileType = sourcecode.c.objc; path = CUConModel.m; sourceTree = "<group>"; };
		2C215F161A8B483B0013FB88 /* CUComponentModel.h */ = {isa = PBXFileReference; fileEncoding = 4; lastKnownFileType = sourcecode.c.h; path = CUComponentModel.h; sourceTree = "<group>"; };
		2C215F171A8B483B0013FB88 /* CUComponentModel.m */ = {isa = PBXFileReference; fileEncoding = 4; lastKnownFileType = sourcecode.c.objc; path = CUComponentModel.m; sourceTree = "<group>"; };
		2C217EAC1A9D603D00A6EB87 /* CUPageView.h */ = {isa = PBXFileReference; fileEncoding = 4; lastKnownFileType = sourcecode.c.h; path = CUPageView.h; sourceTree = "<group>"; };
		2C217EAD1A9D603D00A6EB87 /* CUPageView.m */ = {isa = PBXFileReference; fileEncoding = 4; lastKnownFileType = sourcecode.c.objc; path = CUPageView.m; sourceTree = "<group>"; };
		2C217EAF1A9D605500A6EB87 /* CUConView.h */ = {isa = PBXFileReference; fileEncoding = 4; lastKnownFileType = sourcecode.c.h; path = CUConView.h; sourceTree = "<group>"; };
		2C217EB01A9D605500A6EB87 /* CUConView.m */ = {isa = PBXFileReference; fileEncoding = 4; lastKnownFileType = sourcecode.c.objc; path = CUConView.m; sourceTree = "<group>"; };
		2C217EB31A9D60EA00A6EB87 /* ReactView.h */ = {isa = PBXFileReference; fileEncoding = 4; lastKnownFileType = sourcecode.c.h; path = ReactView.h; sourceTree = "<group>"; };
		2C3CCD7D1AD370D5007C29EF /* ASEditableTextNode.h */ = {isa = PBXFileReference; fileEncoding = 4; lastKnownFileType = sourcecode.c.h; path = ASEditableTextNode.h; sourceTree = "<group>"; };
		2C3CCD7E1AD370D5007C29EF /* ASEditableTextNode.mm */ = {isa = PBXFileReference; fileEncoding = 4; lastKnownFileType = sourcecode.cpp.objcpp; path = ASEditableTextNode.mm; sourceTree = "<group>"; };
		2C80AA451ACA198900E627ED /* CULayoutSpec.h */ = {isa = PBXFileReference; fileEncoding = 4; lastKnownFileType = sourcecode.c.h; path = CULayoutSpec.h; sourceTree = "<group>"; };
		2C80AA461ACA198900E627ED /* CULayoutSpec.m */ = {isa = PBXFileReference; fileEncoding = 4; lastKnownFileType = sourcecode.c.objc; path = CULayoutSpec.m; sourceTree = "<group>"; };
		2C8A816A1A918ED100AEE5FF /* CUConViewModel.h */ = {isa = PBXFileReference; fileEncoding = 4; lastKnownFileType = sourcecode.c.h; path = CUConViewModel.h; sourceTree = "<group>"; };
		2C8A816B1A918ED100AEE5FF /* CUConViewModel.m */ = {isa = PBXFileReference; fileEncoding = 4; lastKnownFileType = sourcecode.c.objc; path = CUConViewModel.m; sourceTree = "<group>"; };
		2C8A816D1A918EEB00AEE5FF /* CUPageViewModel.h */ = {isa = PBXFileReference; fileEncoding = 4; lastKnownFileType = sourcecode.c.h; path = CUPageViewModel.h; sourceTree = "<group>"; };
		2C8A816E1A918EEB00AEE5FF /* CUPageViewModel.m */ = {isa = PBXFileReference; fileEncoding = 4; lastKnownFileType = sourcecode.c.objc; path = CUPageViewModel.m; sourceTree = "<group>"; };
		2C8A81721A91924100AEE5FF /* json */ = {isa = PBXFileReference; fileEncoding = 4; lastKnownFileType = text; path = json; sourceTree = "<group>"; };
		2C8A81741A91EBD100AEE5FF /* conponentJson */ = {isa = PBXFileReference; fileEncoding = 4; lastKnownFileType = text; path = conponentJson; sourceTree = "<group>"; };
		2C8A81761A91F72500AEE5FF /* pageJson */ = {isa = PBXFileReference; fileEncoding = 4; lastKnownFileType = text; path = pageJson; sourceTree = "<group>"; };
		2C926B291AC29C3900B5D061 /* CUTemplateNaviController.h */ = {isa = PBXFileReference; fileEncoding = 4; lastKnownFileType = sourcecode.c.h; path = CUTemplateNaviController.h; sourceTree = "<group>"; };
		2C926B2A1AC29C3900B5D061 /* CUTemplateNaviController.m */ = {isa = PBXFileReference; fileEncoding = 4; lastKnownFileType = sourcecode.c.objc; path = CUTemplateNaviController.m; sourceTree = "<group>"; };
		2C926B2D1AC29D2E00B5D061 /* TransitionPushAnimator.h */ = {isa = PBXFileReference; fileEncoding = 4; lastKnownFileType = sourcecode.c.h; path = TransitionPushAnimator.h; sourceTree = "<group>"; };
		2C926B2E1AC29D2E00B5D061 /* TransitionPushAnimator.m */ = {isa = PBXFileReference; fileEncoding = 4; lastKnownFileType = sourcecode.c.objc; path = TransitionPushAnimator.m; sourceTree = "<group>"; };
		2C926B301AC29D4300B5D061 /* TransitionPopAnimator.h */ = {isa = PBXFileReference; fileEncoding = 4; lastKnownFileType = sourcecode.c.h; path = TransitionPopAnimator.h; sourceTree = "<group>"; };
		2C926B311AC29D4300B5D061 /* TransitionPopAnimator.m */ = {isa = PBXFileReference; fileEncoding = 4; lastKnownFileType = sourcecode.c.objc; path = TransitionPopAnimator.m; sourceTree = "<group>"; };
		2C93CE3C1AB96C8B00AB3824 /* CUTransitionLayout.h */ = {isa = PBXFileReference; fileEncoding = 4; lastKnownFileType = sourcecode.c.h; path = CUTransitionLayout.h; sourceTree = "<group>"; };
		2C93CE3D1AB96C8B00AB3824 /* CUTransitionLayout.m */ = {isa = PBXFileReference; fileEncoding = 4; lastKnownFileType = sourcecode.c.objc; path = CUTransitionLayout.m; sourceTree = "<group>"; };
		2CCA933D1AC2BFBB00B38B14 /* CUResponsegestureProtocol.h */ = {isa = PBXFileReference; fileEncoding = 4; lastKnownFileType = sourcecode.c.h; path = CUResponsegestureProtocol.h; sourceTree = "<group>"; };
		2CD7E9231ABC0AEF00C7FC51 /* CUTemplateLayout.h */ = {isa = PBXFileReference; fileEncoding = 4; lastKnownFileType = sourcecode.c.h; path = CUTemplateLayout.h; sourceTree = "<group>"; };
		2CD7E9241ABC0AEF00C7FC51 /* CUTemplateLayout.m */ = {isa = PBXFileReference; fileEncoding = 4; lastKnownFileType = sourcecode.c.objc; path = CUTemplateLayout.m; sourceTree = "<group>"; };
		2CD9C6141A89EC8800BCD69B /* Curios.app */ = {isa = PBXFileReference; explicitFileType = wrapper.application; includeInIndex = 0; path = Curios.app; sourceTree = BUILT_PRODUCTS_DIR; };
		2CD9C6181A89EC8800BCD69B /* Info.plist */ = {isa = PBXFileReference; lastKnownFileType = text.plist.xml; path = Info.plist; sourceTree = "<group>"; };
		2CD9C6191A89EC8800BCD69B /* main.m */ = {isa = PBXFileReference; lastKnownFileType = sourcecode.c.objc; path = main.m; sourceTree = "<group>"; };
		2CD9C61B1A89EC8800BCD69B /* AppDelegate.h */ = {isa = PBXFileReference; lastKnownFileType = sourcecode.c.h; path = AppDelegate.h; sourceTree = "<group>"; };
		2CD9C61C1A89EC8800BCD69B /* AppDelegate.m */ = {isa = PBXFileReference; lastKnownFileType = sourcecode.c.objc; path = AppDelegate.m; sourceTree = "<group>"; };
		2CD9C61E1A89EC8800BCD69B /* ViewController.h */ = {isa = PBXFileReference; lastKnownFileType = sourcecode.c.h; path = ViewController.h; sourceTree = "<group>"; };
		2CD9C61F1A89EC8800BCD69B /* ViewController.m */ = {isa = PBXFileReference; lastKnownFileType = sourcecode.c.objc; path = ViewController.m; sourceTree = "<group>"; };
		2CD9C6221A89EC8800BCD69B /* Base */ = {isa = PBXFileReference; lastKnownFileType = file.storyboard; name = Base; path = Base.lproj/Main.storyboard; sourceTree = "<group>"; };
		2CD9C6241A89EC8800BCD69B /* Images.xcassets */ = {isa = PBXFileReference; lastKnownFileType = folder.assetcatalog; path = Images.xcassets; sourceTree = "<group>"; };
		2CD9C6271A89EC8800BCD69B /* Base */ = {isa = PBXFileReference; lastKnownFileType = file.xib; name = Base; path = Base.lproj/LaunchScreen.xib; sourceTree = "<group>"; };
		2CD9C62D1A89EC8800BCD69B /* CuriosTests.xctest */ = {isa = PBXFileReference; explicitFileType = wrapper.cfbundle; includeInIndex = 0; path = CuriosTests.xctest; sourceTree = BUILT_PRODUCTS_DIR; };
		2CD9C6321A89EC8800BCD69B /* Info.plist */ = {isa = PBXFileReference; lastKnownFileType = text.plist.xml; path = Info.plist; sourceTree = "<group>"; };
		2CD9C6331A89EC8800BCD69B /* CuriosTests.m */ = {isa = PBXFileReference; lastKnownFileType = sourcecode.c.objc; path = CuriosTests.m; sourceTree = "<group>"; };
		2CEFF7931AC4E4B100EA0C95 /* CUEditCell.h */ = {isa = PBXFileReference; fileEncoding = 4; lastKnownFileType = sourcecode.c.h; path = CUEditCell.h; sourceTree = "<group>"; };
		2CEFF7941AC4E4B100EA0C95 /* CUEditCell.m */ = {isa = PBXFileReference; fileEncoding = 4; lastKnownFileType = sourcecode.c.objc; path = CUEditCell.m; sourceTree = "<group>"; };
		2CEFF7961AC4F0DD00EA0C95 /* CUCollectionViewLayoutDelegate.h */ = {isa = PBXFileReference; fileEncoding = 4; lastKnownFileType = sourcecode.c.h; path = CUCollectionViewLayoutDelegate.h; sourceTree = "<group>"; };
		2CFA56BB1AB684C00068313C /* EditViewController.h */ = {isa = PBXFileReference; fileEncoding = 4; lastKnownFileType = sourcecode.c.h; path = EditViewController.h; sourceTree = "<group>"; };
		2CFA56BC1AB684C00068313C /* EditViewController.m */ = {isa = PBXFileReference; fileEncoding = 4; lastKnownFileType = sourcecode.c.objc; path = EditViewController.m; sourceTree = "<group>"; };
		2CFA56BF1AB68A450068313C /* CUNormalLayout.h */ = {isa = PBXFileReference; fileEncoding = 4; lastKnownFileType = sourcecode.c.h; path = CUNormalLayout.h; sourceTree = "<group>"; };
		2CFA56C01AB68A450068313C /* CUNormalLayout.m */ = {isa = PBXFileReference; fileEncoding = 4; lastKnownFileType = sourcecode.c.objc; path = CUNormalLayout.m; sourceTree = "<group>"; };
		2CFA56C61AB68EAD0068313C /* CUPageNode.h */ = {isa = PBXFileReference; fileEncoding = 4; lastKnownFileType = sourcecode.c.h; path = CUPageNode.h; sourceTree = "<group>"; };
		2CFA56C71AB68EAD0068313C /* CUPageNode.m */ = {isa = PBXFileReference; fileEncoding = 4; lastKnownFileType = sourcecode.c.objc; path = CUPageNode.m; sourceTree = "<group>"; };
		2CFA56CB1AB692B60068313C /* bigMax.jpeg */ = {isa = PBXFileReference; lastKnownFileType = image.jpeg; path = bigMax.jpeg; sourceTree = "<group>"; };
		2CFA56CD1AB6CFEB0068313C /* CUSmallLayout.h */ = {isa = PBXFileReference; fileEncoding = 4; lastKnownFileType = sourcecode.c.h; path = CUSmallLayout.h; sourceTree = "<group>"; };
		2CFA56CE1AB6CFEB0068313C /* CUSmallLayout.m */ = {isa = PBXFileReference; fileEncoding = 4; lastKnownFileType = sourcecode.c.objc; path = CUSmallLayout.m; sourceTree = "<group>"; };
		62FCD396CE8829FEEFDB45EB /* libPods-Curios.a */ = {isa = PBXFileReference; explicitFileType = archive.ar; includeInIndex = 0; path = "libPods-Curios.a"; sourceTree = BUILT_PRODUCTS_DIR; };
		C86621E8DF2FA884CEB11E51 /* Pods-Curios.release.xcconfig */ = {isa = PBXFileReference; includeInIndex = 1; lastKnownFileType = text.xcconfig; name = "Pods-Curios.release.xcconfig"; path = "Pods/Target Support Files/Pods-Curios/Pods-Curios.release.xcconfig"; sourceTree = "<group>"; };
/* End PBXFileReference section */

/* Begin PBXFrameworksBuildPhase section */
		2CD9C6111A89EC8800BCD69B /* Frameworks */ = {
			isa = PBXFrameworksBuildPhase;
			buildActionMask = 2147483647;
			files = (
				2BCDC28BBCDD09EAE7F5B486 /* libPods-Curios.a in Frameworks */,
			);
			runOnlyForDeploymentPostprocessing = 0;
		};
		2CD9C62A1A89EC8800BCD69B /* Frameworks */ = {
			isa = PBXFrameworksBuildPhase;
			buildActionMask = 2147483647;
			files = (
			);
			runOnlyForDeploymentPostprocessing = 0;
		};
/* End PBXFrameworksBuildPhase section */

/* Begin PBXGroup section */
		11F473E1BA12A12FA0093FE1 /* Pods */ = {
			isa = PBXGroup;
			children = (
				1C52CE6BF18A69810E351D07 /* Pods-Curios.debug.xcconfig */,
				C86621E8DF2FA884CEB11E51 /* Pods-Curios.release.xcconfig */,
			);
			name = Pods;
			sourceTree = "<group>";
		};
		2C215F0C1A8B47760013FB88 /* Model */ = {
			isa = PBXGroup;
			children = (
				2C215F0D1A8B479D0013FB88 /* CUBaseModel.h */,
				2C215F0E1A8B479D0013FB88 /* CUBaseModel.m */,
				2C215F101A8B480A0013FB88 /* CUPageModel.h */,
				2C215F111A8B480A0013FB88 /* CUPageModel.m */,
				2C215F131A8B48280013FB88 /* CUConModel.h */,
				2C215F141A8B48280013FB88 /* CUConModel.m */,
				2C215F161A8B483B0013FB88 /* CUComponentModel.h */,
				2C215F171A8B483B0013FB88 /* CUComponentModel.m */,
			);
			name = Model;
			sourceTree = "<group>";
		};
		2C217EB21A9D60B800A6EB87 /* Protocol */ = {
			isa = PBXGroup;
			children = (
				2C217EB31A9D60EA00A6EB87 /* ReactView.h */,
				2CCA933D1AC2BFBB00B38B14 /* CUResponsegestureProtocol.h */,
				2CEFF7961AC4F0DD00EA0C95 /* CUCollectionViewLayoutDelegate.h */,
			);
			name = Protocol;
			sourceTree = "<group>";
		};
		2C80AA441ACA195A00E627ED /* Util */ = {
			isa = PBXGroup;
			children = (
				2C80AA451ACA198900E627ED /* CULayoutSpec.h */,
				2C80AA461ACA198900E627ED /* CULayoutSpec.m */,
			);
			name = Util;
			sourceTree = "<group>";
		};
		2C8A81651A918E0700AEE5FF /* ViewModel */ = {
			isa = PBXGroup;
			children = (
				2C8A816A1A918ED100AEE5FF /* CUConViewModel.h */,
				2C8A816B1A918ED100AEE5FF /* CUConViewModel.m */,
				2C8A816D1A918EEB00AEE5FF /* CUPageViewModel.h */,
				2C8A816E1A918EEB00AEE5FF /* CUPageViewModel.m */,
			);
			name = ViewModel;
			sourceTree = "<group>";
		};
		2C8A81661A918E0E00AEE5FF /* View */ = {
			isa = PBXGroup;
			children = (
				2C217EAC1A9D603D00A6EB87 /* CUPageView.h */,
				2C217EAD1A9D603D00A6EB87 /* CUPageView.m */,
				2C217EAF1A9D605500A6EB87 /* CUConView.h */,
				2C217EB01A9D605500A6EB87 /* CUConView.m */,
				2CEFF7931AC4E4B100EA0C95 /* CUEditCell.h */,
				2CEFF7941AC4E4B100EA0C95 /* CUEditCell.m */,
				2C023F471ACD2FBB00179106 /* CUEditContainerLayer.h */,
				2C023F481ACD2FBB00179106 /* CUEditContainerLayer.m */,
			);
			name = View;
			sourceTree = "<group>";
		};
		2C926B2C1AC29C3F00B5D061 /* customTransition */ = {
			isa = PBXGroup;
			children = (
				2C926B2D1AC29D2E00B5D061 /* TransitionPushAnimator.h */,
				2C926B2E1AC29D2E00B5D061 /* TransitionPushAnimator.m */,
				2C926B301AC29D4300B5D061 /* TransitionPopAnimator.h */,
				2C926B311AC29D4300B5D061 /* TransitionPopAnimator.m */,
			);
			name = customTransition;
			sourceTree = "<group>";
		};
		2CD9C60B1A89EC8800BCD69B = {
			isa = PBXGroup;
			children = (
				2CD9C6161A89EC8800BCD69B /* Curios */,
				2CD9C6301A89EC8800BCD69B /* CuriosTests */,
				2CD9C6151A89EC8800BCD69B /* Products */,
				11F473E1BA12A12FA0093FE1 /* Pods */,
				A330E0F6A1858D8271828FE5 /* Frameworks */,
			);
			sourceTree = "<group>";
		};
		2CD9C6151A89EC8800BCD69B /* Products */ = {
			isa = PBXGroup;
			children = (
				2CD9C6141A89EC8800BCD69B /* Curios.app */,
				2CD9C62D1A89EC8800BCD69B /* CuriosTests.xctest */,
			);
			name = Products;
			sourceTree = "<group>";
		};
		2CD9C6161A89EC8800BCD69B /* Curios */ = {
			isa = PBXGroup;
			children = (
				2C80AA441ACA195A00E627ED /* Util */,
				2CFA56CB1AB692B60068313C /* bigMax.jpeg */,
				2C926B2C1AC29C3F00B5D061 /* customTransition */,
				2CFA56C21AB68AA30068313C /* Node */,
				2CFA56BE1AB68A240068313C /* Layout */,
				2C217EB21A9D60B800A6EB87 /* Protocol */,
				2C8A81661A918E0E00AEE5FF /* View */,
				2C8A81651A918E0700AEE5FF /* ViewModel */,
				2C215F0C1A8B47760013FB88 /* Model */,
				2CD9C61B1A89EC8800BCD69B /* AppDelegate.h */,
				2CD9C61C1A89EC8800BCD69B /* AppDelegate.m */,
				2CD9C61E1A89EC8800BCD69B /* ViewController.h */,
				2CD9C61F1A89EC8800BCD69B /* ViewController.m */,
				2CFA56BB1AB684C00068313C /* EditViewController.h */,
				2CFA56BC1AB684C00068313C /* EditViewController.m */,
				2C926B291AC29C3900B5D061 /* CUTemplateNaviController.h */,
				2C926B2A1AC29C3900B5D061 /* CUTemplateNaviController.m */,
				2C003C451ABFB25A00F27618 /* CUTemplateViewController.h */,
				2C003C461ABFB25A00F27618 /* CUTemplateViewController.m */,
				2C003C481ABFB3F400F27618 /* CUSubTemplateViewController.h */,
				2C003C491ABFB3F400F27618 /* CUSubTemplateViewController.m */,
				2CD9C6211A89EC8800BCD69B /* Main.storyboard */,
				2CD9C6241A89EC8800BCD69B /* Images.xcassets */,
				2CD9C6261A89EC8800BCD69B /* LaunchScreen.xib */,
				2CD9C6171A89EC8800BCD69B /* Supporting Files */,
			);
			path = Curios;
			sourceTree = "<group>";
		};
		2CD9C6171A89EC8800BCD69B /* Supporting Files */ = {
			isa = PBXGroup;
			children = (
				2C8A81761A91F72500AEE5FF /* pageJson */,
				2C8A81741A91EBD100AEE5FF /* conponentJson */,
				2C8A81721A91924100AEE5FF /* json */,
				2CD9C6181A89EC8800BCD69B /* Info.plist */,
				2CD9C6191A89EC8800BCD69B /* main.m */,
			);
			name = "Supporting Files";
			sourceTree = "<group>";
		};
		2CD9C6301A89EC8800BCD69B /* CuriosTests */ = {
			isa = PBXGroup;
			children = (
				2CD9C6331A89EC8800BCD69B /* CuriosTests.m */,
				2CD9C6311A89EC8800BCD69B /* Supporting Files */,
			);
			path = CuriosTests;
			sourceTree = "<group>";
		};
		2CD9C6311A89EC8800BCD69B /* Supporting Files */ = {
			isa = PBXGroup;
			children = (
				2CD9C6321A89EC8800BCD69B /* Info.plist */,
			);
			name = "Supporting Files";
			sourceTree = "<group>";
		};
		2CFA56BE1AB68A240068313C /* Layout */ = {
			isa = PBXGroup;
			children = (
				2CFA56BF1AB68A450068313C /* CUNormalLayout.h */,
				2CFA56C01AB68A450068313C /* CUNormalLayout.m */,
				2CFA56CD1AB6CFEB0068313C /* CUSmallLayout.h */,
				2CFA56CE1AB6CFEB0068313C /* CUSmallLayout.m */,
				2C93CE3C1AB96C8B00AB3824 /* CUTransitionLayout.h */,
				2C93CE3D1AB96C8B00AB3824 /* CUTransitionLayout.m */,
				2CD7E9231ABC0AEF00C7FC51 /* CUTemplateLayout.h */,
				2CD7E9241ABC0AEF00C7FC51 /* CUTemplateLayout.m */,
			);
			name = Layout;
			sourceTree = "<group>";
		};
		2CFA56C21AB68AA30068313C /* Node */ = {
			isa = PBXGroup;
			children = (
				2C3CCD7D1AD370D5007C29EF /* ASEditableTextNode.h */,
				2C3CCD7E1AD370D5007C29EF /* ASEditableTextNode.mm */,
				2CFA56C61AB68EAD0068313C /* CUPageNode.h */,
				2CFA56C71AB68EAD0068313C /* CUPageNode.m */,
			);
			name = Node;
			sourceTree = "<group>";
		};
		A330E0F6A1858D8271828FE5 /* Frameworks */ = {
			isa = PBXGroup;
			children = (
				62FCD396CE8829FEEFDB45EB /* libPods-Curios.a */,
			);
			name = Frameworks;
			sourceTree = "<group>";
		};
/* End PBXGroup section */

/* Begin PBXNativeTarget section */
		2CD9C6131A89EC8800BCD69B /* Curios */ = {
			isa = PBXNativeTarget;
			buildConfigurationList = 2CD9C6371A89EC8800BCD69B /* Build configuration list for PBXNativeTarget "Curios" */;
			buildPhases = (
				87F12AF7C5FE9B268C340B62 /* Check Pods Manifest.lock */,
				2CD9C6101A89EC8800BCD69B /* Sources */,
				2CD9C6111A89EC8800BCD69B /* Frameworks */,
				2CD9C6121A89EC8800BCD69B /* Resources */,
				06242CFAC9C2360F512CA6E5 /* Copy Pods Resources */,
			);
			buildRules = (
			);
			dependencies = (
			);
			name = Curios;
			productName = Curios;
			productReference = 2CD9C6141A89EC8800BCD69B /* Curios.app */;
			productType = "com.apple.product-type.application";
		};
		2CD9C62C1A89EC8800BCD69B /* CuriosTests */ = {
			isa = PBXNativeTarget;
			buildConfigurationList = 2CD9C63A1A89EC8800BCD69B /* Build configuration list for PBXNativeTarget "CuriosTests" */;
			buildPhases = (
				2CD9C6291A89EC8800BCD69B /* Sources */,
				2CD9C62A1A89EC8800BCD69B /* Frameworks */,
				2CD9C62B1A89EC8800BCD69B /* Resources */,
			);
			buildRules = (
			);
			dependencies = (
				2CD9C62F1A89EC8800BCD69B /* PBXTargetDependency */,
			);
			name = CuriosTests;
			productName = CuriosTests;
			productReference = 2CD9C62D1A89EC8800BCD69B /* CuriosTests.xctest */;
			productType = "com.apple.product-type.bundle.unit-test";
		};
/* End PBXNativeTarget section */

/* Begin PBXProject section */
		2CD9C60C1A89EC8800BCD69B /* Project object */ = {
			isa = PBXProject;
			attributes = {
				LastUpgradeCheck = 0610;
				ORGANIZATIONNAME = "BoTai Technology";
				TargetAttributes = {
					2CD9C6131A89EC8800BCD69B = {
						CreatedOnToolsVersion = 6.1.1;
					};
					2CD9C62C1A89EC8800BCD69B = {
						CreatedOnToolsVersion = 6.1.1;
						TestTargetID = 2CD9C6131A89EC8800BCD69B;
					};
				};
			};
			buildConfigurationList = 2CD9C60F1A89EC8800BCD69B /* Build configuration list for PBXProject "Curios" */;
			compatibilityVersion = "Xcode 3.2";
			developmentRegion = English;
			hasScannedForEncodings = 0;
			knownRegions = (
				en,
				Base,
			);
			mainGroup = 2CD9C60B1A89EC8800BCD69B;
			productRefGroup = 2CD9C6151A89EC8800BCD69B /* Products */;
			projectDirPath = "";
			projectRoot = "";
			targets = (
				2CD9C6131A89EC8800BCD69B /* Curios */,
				2CD9C62C1A89EC8800BCD69B /* CuriosTests */,
			);
		};
/* End PBXProject section */

/* Begin PBXResourcesBuildPhase section */
		2CD9C6121A89EC8800BCD69B /* Resources */ = {
			isa = PBXResourcesBuildPhase;
			buildActionMask = 2147483647;
			files = (
				2CD9C6231A89EC8800BCD69B /* Main.storyboard in Resources */,
				2C8A81751A91EBD100AEE5FF /* conponentJson in Resources */,
				2CFA56CC1AB692B60068313C /* bigMax.jpeg in Resources */,
				2CD9C6281A89EC8800BCD69B /* LaunchScreen.xib in Resources */,
				2C8A81771A91F72500AEE5FF /* pageJson in Resources */,
				2C8A81731A91924100AEE5FF /* json in Resources */,
				2CD9C6251A89EC8800BCD69B /* Images.xcassets in Resources */,
			);
			runOnlyForDeploymentPostprocessing = 0;
		};
		2CD9C62B1A89EC8800BCD69B /* Resources */ = {
			isa = PBXResourcesBuildPhase;
			buildActionMask = 2147483647;
			files = (
			);
			runOnlyForDeploymentPostprocessing = 0;
		};
/* End PBXResourcesBuildPhase section */

/* Begin PBXShellScriptBuildPhase section */
		06242CFAC9C2360F512CA6E5 /* Copy Pods Resources */ = {
			isa = PBXShellScriptBuildPhase;
			buildActionMask = 2147483647;
			files = (
			);
			inputPaths = (
			);
			name = "Copy Pods Resources";
			outputPaths = (
			);
			runOnlyForDeploymentPostprocessing = 0;
			shellPath = /bin/sh;
			shellScript = "\"${SRCROOT}/Pods/Target Support Files/Pods-Curios/Pods-Curios-resources.sh\"\n";
			showEnvVarsInLog = 0;
		};
		87F12AF7C5FE9B268C340B62 /* Check Pods Manifest.lock */ = {
			isa = PBXShellScriptBuildPhase;
			buildActionMask = 2147483647;
			files = (
			);
			inputPaths = (
			);
			name = "Check Pods Manifest.lock";
			outputPaths = (
			);
			runOnlyForDeploymentPostprocessing = 0;
			shellPath = /bin/sh;
			shellScript = "diff \"${PODS_ROOT}/../Podfile.lock\" \"${PODS_ROOT}/Manifest.lock\" > /dev/null\nif [[ $? != 0 ]] ; then\n    cat << EOM\nerror: The sandbox is not in sync with the Podfile.lock. Run 'pod install' or update your CocoaPods installation.\nEOM\n    exit 1\nfi\n";
			showEnvVarsInLog = 0;
		};
/* End PBXShellScriptBuildPhase section */

/* Begin PBXSourcesBuildPhase section */
		2CD9C6101A89EC8800BCD69B /* Sources */ = {
			isa = PBXSourcesBuildPhase;
			buildActionMask = 2147483647;
			files = (
				2C93CE3E1AB96C8B00AB3824 /* CUTransitionLayout.m in Sources */,
				2CFA56C81AB68EAD0068313C /* CUPageNode.m in Sources */,
				2C215F0F1A8B479D0013FB88 /* CUBaseModel.m in Sources */,
				2C926B2F1AC29D2E00B5D061 /* TransitionPushAnimator.m in Sources */,
				2C8A816F1A918EEB00AEE5FF /* CUPageViewModel.m in Sources */,
				2C8A816C1A918ED100AEE5FF /* CUConViewModel.m in Sources */,
				2C926B2B1AC29C3900B5D061 /* CUTemplateNaviController.m in Sources */,
				2CEFF7951AC4E4B100EA0C95 /* CUEditCell.m in Sources */,
				2C3CCD7F1AD370D5007C29EF /* ASEditableTextNode.mm in Sources */,
				2CD9C6201A89EC8800BCD69B /* ViewController.m in Sources */,
				2CFA56BD1AB684C00068313C /* EditViewController.m in Sources */,
				2C003C471ABFB25A00F27618 /* CUTemplateViewController.m in Sources */,
				2C215F121A8B480A0013FB88 /* CUPageModel.m in Sources */,
				2C217EAE1A9D603D00A6EB87 /* CUPageView.m in Sources */,
				2C215F181A8B483B0013FB88 /* CUComponentModel.m in Sources */,
				2CD9C61D1A89EC8800BCD69B /* AppDelegate.m in Sources */,
				2CFA56CF1AB6CFEB0068313C /* CUSmallLayout.m in Sources */,
				2C217EB11A9D605500A6EB87 /* CUConView.m in Sources */,
				2C023F491ACD2FBB00179106 /* CUEditContainerLayer.m in Sources */,
				2CD9C61A1A89EC8800BCD69B /* main.m in Sources */,
				2C80AA471ACA198900E627ED /* CULayoutSpec.m in Sources */,
				2CD7E9251ABC0AEF00C7FC51 /* CUTemplateLayout.m in Sources */,
				2CFA56C11AB68A450068313C /* CUNormalLayout.m in Sources */,
				2C215F151A8B48280013FB88 /* CUConModel.m in Sources */,
				2C003C4A1ABFB3F400F27618 /* CUSubTemplateViewController.m in Sources */,
				2C926B321AC29D4300B5D061 /* TransitionPopAnimator.m in Sources */,
			);
			runOnlyForDeploymentPostprocessing = 0;
		};
		2CD9C6291A89EC8800BCD69B /* Sources */ = {
			isa = PBXSourcesBuildPhase;
			buildActionMask = 2147483647;
			files = (
				2CD9C6341A89EC8800BCD69B /* CuriosTests.m in Sources */,
			);
			runOnlyForDeploymentPostprocessing = 0;
		};
/* End PBXSourcesBuildPhase section */

/* Begin PBXTargetDependency section */
		2CD9C62F1A89EC8800BCD69B /* PBXTargetDependency */ = {
			isa = PBXTargetDependency;
			target = 2CD9C6131A89EC8800BCD69B /* Curios */;
			targetProxy = 2CD9C62E1A89EC8800BCD69B /* PBXContainerItemProxy */;
		};
/* End PBXTargetDependency section */

/* Begin PBXVariantGroup section */
		2CD9C6211A89EC8800BCD69B /* Main.storyboard */ = {
			isa = PBXVariantGroup;
			children = (
				2CD9C6221A89EC8800BCD69B /* Base */,
			);
			name = Main.storyboard;
			sourceTree = "<group>";
		};
		2CD9C6261A89EC8800BCD69B /* LaunchScreen.xib */ = {
			isa = PBXVariantGroup;
			children = (
				2CD9C6271A89EC8800BCD69B /* Base */,
			);
			name = LaunchScreen.xib;
			sourceTree = "<group>";
		};
/* End PBXVariantGroup section */

/* Begin XCBuildConfiguration section */
		2CD9C6351A89EC8800BCD69B /* Debug */ = {
			isa = XCBuildConfiguration;
			buildSettings = {
				ALWAYS_SEARCH_USER_PATHS = NO;
				CLANG_CXX_LANGUAGE_STANDARD = "gnu++0x";
				CLANG_CXX_LIBRARY = "libc++";
				CLANG_ENABLE_MODULES = YES;
				CLANG_ENABLE_OBJC_ARC = YES;
				CLANG_WARN_BOOL_CONVERSION = YES;
				CLANG_WARN_CONSTANT_CONVERSION = YES;
				CLANG_WARN_DIRECT_OBJC_ISA_USAGE = YES_ERROR;
				CLANG_WARN_EMPTY_BODY = YES;
				CLANG_WARN_ENUM_CONVERSION = YES;
				CLANG_WARN_INT_CONVERSION = YES;
				CLANG_WARN_OBJC_ROOT_CLASS = YES_ERROR;
				CLANG_WARN_UNREACHABLE_CODE = YES;
				CLANG_WARN__DUPLICATE_METHOD_MATCH = YES;
				"CODE_SIGN_IDENTITY[sdk=iphoneos*]" = "iPhone Developer";
				COPY_PHASE_STRIP = NO;
				ENABLE_STRICT_OBJC_MSGSEND = YES;
				GCC_C_LANGUAGE_STANDARD = gnu99;
				GCC_DYNAMIC_NO_PIC = NO;
				GCC_OPTIMIZATION_LEVEL = 0;
				GCC_PREPROCESSOR_DEFINITIONS = (
					"DEBUG=1",
					"$(inherited)",
				);
				GCC_SYMBOLS_PRIVATE_EXTERN = NO;
				GCC_WARN_64_TO_32_BIT_CONVERSION = YES;
				GCC_WARN_ABOUT_RETURN_TYPE = YES_ERROR;
				GCC_WARN_UNDECLARED_SELECTOR = YES;
				GCC_WARN_UNINITIALIZED_AUTOS = YES_AGGRESSIVE;
				GCC_WARN_UNUSED_FUNCTION = YES;
				GCC_WARN_UNUSED_VARIABLE = YES;
				IPHONEOS_DEPLOYMENT_TARGET = 8.1;
				MTL_ENABLE_DEBUG_INFO = YES;
				ONLY_ACTIVE_ARCH = YES;
				SDKROOT = iphoneos;
				TARGETED_DEVICE_FAMILY = "1,2";
			};
			name = Debug;
		};
		2CD9C6361A89EC8800BCD69B /* Release */ = {
			isa = XCBuildConfiguration;
			buildSettings = {
				ALWAYS_SEARCH_USER_PATHS = NO;
				CLANG_CXX_LANGUAGE_STANDARD = "gnu++0x";
				CLANG_CXX_LIBRARY = "libc++";
				CLANG_ENABLE_MODULES = YES;
				CLANG_ENABLE_OBJC_ARC = YES;
				CLANG_WARN_BOOL_CONVERSION = YES;
				CLANG_WARN_CONSTANT_CONVERSION = YES;
				CLANG_WARN_DIRECT_OBJC_ISA_USAGE = YES_ERROR;
				CLANG_WARN_EMPTY_BODY = YES;
				CLANG_WARN_ENUM_CONVERSION = YES;
				CLANG_WARN_INT_CONVERSION = YES;
				CLANG_WARN_OBJC_ROOT_CLASS = YES_ERROR;
				CLANG_WARN_UNREACHABLE_CODE = YES;
				CLANG_WARN__DUPLICATE_METHOD_MATCH = YES;
				"CODE_SIGN_IDENTITY[sdk=iphoneos*]" = "iPhone Developer";
				COPY_PHASE_STRIP = YES;
				ENABLE_NS_ASSERTIONS = NO;
				ENABLE_STRICT_OBJC_MSGSEND = YES;
				GCC_C_LANGUAGE_STANDARD = gnu99;
				GCC_WARN_64_TO_32_BIT_CONVERSION = YES;
				GCC_WARN_ABOUT_RETURN_TYPE = YES_ERROR;
				GCC_WARN_UNDECLARED_SELECTOR = YES;
				GCC_WARN_UNINITIALIZED_AUTOS = YES_AGGRESSIVE;
				GCC_WARN_UNUSED_FUNCTION = YES;
				GCC_WARN_UNUSED_VARIABLE = YES;
				IPHONEOS_DEPLOYMENT_TARGET = 8.1;
				MTL_ENABLE_DEBUG_INFO = NO;
				SDKROOT = iphoneos;
				TARGETED_DEVICE_FAMILY = "1,2";
				VALIDATE_PRODUCT = YES;
			};
			name = Release;
		};
		2CD9C6381A89EC8800BCD69B /* Debug */ = {
			isa = XCBuildConfiguration;
			baseConfigurationReference = 1C52CE6BF18A69810E351D07 /* Pods-Curios.debug.xcconfig */;
			buildSettings = {
				ASSETCATALOG_COMPILER_APPICON_NAME = AppIcon;
				CLANG_ENABLE_MODULES = YES;
				INFOPLIST_FILE = Curios/Info.plist;
				LD_RUNPATH_SEARCH_PATHS = "$(inherited) @executable_path/Frameworks";
				PRODUCT_NAME = "$(TARGET_NAME)";
				SWIFT_OBJC_BRIDGING_HEADER = "Curios/Curios-Bridging-Header.h";
				SWIFT_OPTIMIZATION_LEVEL = "-Onone";
			};
			name = Debug;
		};
		2CD9C6391A89EC8800BCD69B /* Release */ = {
			isa = XCBuildConfiguration;
			baseConfigurationReference = C86621E8DF2FA884CEB11E51 /* Pods-Curios.release.xcconfig */;
			buildSettings = {
				ASSETCATALOG_COMPILER_APPICON_NAME = AppIcon;
				CLANG_ENABLE_MODULES = YES;
				INFOPLIST_FILE = Curios/Info.plist;
				LD_RUNPATH_SEARCH_PATHS = "$(inherited) @executable_path/Frameworks";
				PRODUCT_NAME = "$(TARGET_NAME)";
				SWIFT_OBJC_BRIDGING_HEADER = "Curios/Curios-Bridging-Header.h";
			};
			name = Release;
		};
		2CD9C63B1A89EC8800BCD69B /* Debug */ = {
			isa = XCBuildConfiguration;
			buildSettings = {
				BUNDLE_LOADER = "$(TEST_HOST)";
				FRAMEWORK_SEARCH_PATHS = (
					"$(SDKROOT)/Developer/Library/Frameworks",
					"$(inherited)",
				);
				GCC_PREPROCESSOR_DEFINITIONS = "";
				INFOPLIST_FILE = CuriosTests/Info.plist;
				LD_RUNPATH_SEARCH_PATHS = "$(inherited) @executable_path/Frameworks @loader_path/Frameworks";
				ONLY_ACTIVE_ARCH = NO;
				PRODUCT_NAME = "$(TARGET_NAME)";
				TEST_HOST = "$(BUILT_PRODUCTS_DIR)/Curios.app/Curios";
			};
			name = Debug;
		};
		2CD9C63C1A89EC8800BCD69B /* Release */ = {
			isa = XCBuildConfiguration;
			buildSettings = {
				BUNDLE_LOADER = "$(TEST_HOST)";
				FRAMEWORK_SEARCH_PATHS = (
					"$(SDKROOT)/Developer/Library/Frameworks",
					"$(inherited)",
				);
				INFOPLIST_FILE = CuriosTests/Info.plist;
				LD_RUNPATH_SEARCH_PATHS = "$(inherited) @executable_path/Frameworks @loader_path/Frameworks";
				ONLY_ACTIVE_ARCH = NO;
				PRODUCT_NAME = "$(TARGET_NAME)";
				TEST_HOST = "$(BUILT_PRODUCTS_DIR)/Curios.app/Curios";
			};
			name = Release;
		};
/* End XCBuildConfiguration section */

/* Begin XCConfigurationList section */
		2CD9C60F1A89EC8800BCD69B /* Build configuration list for PBXProject "Curios" */ = {
			isa = XCConfigurationList;
			buildConfigurations = (
				2CD9C6351A89EC8800BCD69B /* Debug */,
				2CD9C6361A89EC8800BCD69B /* Release */,
			);
			defaultConfigurationIsVisible = 0;
			defaultConfigurationName = Release;
		};
		2CD9C6371A89EC8800BCD69B /* Build configuration list for PBXNativeTarget "Curios" */ = {
			isa = XCConfigurationList;
			buildConfigurations = (
				2CD9C6381A89EC8800BCD69B /* Debug */,
				2CD9C6391A89EC8800BCD69B /* Release */,
			);
			defaultConfigurationIsVisible = 0;
			defaultConfigurationName = Release;
		};
		2CD9C63A1A89EC8800BCD69B /* Build configuration list for PBXNativeTarget "CuriosTests" */ = {
			isa = XCConfigurationList;
			buildConfigurations = (
				2CD9C63B1A89EC8800BCD69B /* Debug */,
				2CD9C63C1A89EC8800BCD69B /* Release */,
			);
			defaultConfigurationIsVisible = 0;
			defaultConfigurationName = Release;
		};
/* End XCConfigurationList section */
	};
	rootObject = 2CD9C60C1A89EC8800BCD69B /* Project object */;
}
